
Microsoft Visual Studio Solution File, Format Version 12.00
# Visual Studio Version 17
VisualStudioVersion = 17.1.32319.34
MinimumVisualStudioVersion = 10.0.40219.1
Project("{FAE04EC0-301F-11D3-BF4B-00C04F79EFBC}") = "Bank-Login-Uptade", "Bank-Login-Uptade\Bank-Login-Uptade.csproj", "{64463933-58A8-4A1C-9142-E83F3BE78251}"
EndProject
Global
	GlobalSection(SolutionConfigurationPlatforms) = preSolution
		Debug|Any CPU = Debug|Any CPU
		Release|Any CPU = Release|Any CPU
	EndGlobalSection
	GlobalSection(ProjectConfigurationPlatforms) = postSolution
		{64463933-58A8-4A1C-9142-E83F3BE78251}.Debug|Any CPU.ActiveCfg = Debug|Any CPU
		{64463933-58A8-4A1C-9142-E83F3BE78251}.Debug|Any CPU.Build.0 = Debug|Any CPU
		{64463933-58A8-4A1C-9142-E83F3BE78251}.Release|Any CPU.ActiveCfg = Release|Any CPU
		{64463933-58A8-4A1C-9142-E83F3BE78251}.Release|Any CPU.Build.0 = Release|Any CPU
	EndGlobalSection
	GlobalSection(SolutionProperties) = preSolution
		HideSolutionNode = FALSE
	EndGlobalSection
	GlobalSection(ExtensibilityGlobals) = postSolution
		SolutionGuid = {B08B31ED-B985-4F11-BDA2-B7F25F349373}
	EndGlobalSection
EndGlobal
